speakeasyVersion: 1.542.1
sources:
    Nkwa Pay API:
        sourceNamespace: nkwa-pay-api
        sourceRevisionDigest: sha256:b5fbbf51c4c6093cbeda41cfb6af0b43cc0a2ced39a0ddd78e811a98559901a7
        sourceBlobDigest: sha256:eed274cb5e2a1989c658a6e90a23e541912edf86c3b9ca78b3be07e2bc9cc4d8
        tags:
            - latest
            - speakeasy-sdk-regen-1746423381
            - 1.0.0
targets:
    pay:
        source: Nkwa Pay API
        sourceNamespace: nkwa-pay-api
        sourceRevisionDigest: sha256:b5fbbf51c4c6093cbeda41cfb6af0b43cc0a2ced39a0ddd78e811a98559901a7
        sourceBlobDigest: sha256:eed274cb5e2a1989c658a6e90a23e541912edf86c3b9ca78b3be07e2bc9cc4d8
        codeSamplesNamespace: nkwa-pay-api-php-code-samples
        codeSamplesRevisionDigest: sha256:ead080bb65a31d6a2be29ee50cd8f3b97ffa33b47cf9ea48757cf40dae927220
workflow:
    workflowVersion: 1.0.0
    speakeasyVersion: latest
    sources:
        Nkwa Pay API:
            inputs:
                - location: https://raw.githubusercontent.com/nkwa/pay-postman/refs/heads/main/openapi.json
            overlays:
                - location: .speakeasy/speakeasy-modifications-overlay.yaml
            registry:
                location: registry.speakeasyapi.dev/nkwa/pay/nkwa-pay-api
    targets:
        pay:
            target: php
            source: Nkwa Pay API
            publish:
                packagist:
                    username: $packagist_username
                    token: $packagist_token
            codeSamples:
                registry:
                    location: registry.speakeasyapi.dev/nkwa/pay/nkwa-pay-api-php-code-samples
                labelOverride:
                    fixedValue: Php (SDK)
                blocking: false
